// !$*UTF8*$!
{
	archiveVersion = 1;
	classes = {
	};
	objectVersion = 50;
	objects = {

/* Begin PBXBuildFile section */
		FAF7913A24525D4E00254D83 /* AppDelegate.swift in Sources */ = {isa = PBXBuildFile; fileRef = FAF7913924525D4E00254D83 /* AppDelegate.swift */; };
		FAF7913C24525D4E00254D83 /* SceneDelegate.swift in Sources */ = {isa = PBXBuildFile; fileRef = FAF7913B24525D4E00254D83 /* SceneDelegate.swift */; };
		FAF7913E24525D4E00254D83 /* ViewController.swift in Sources */ = {isa = PBXBuildFile; fileRef = FAF7913D24525D4E00254D83 /* ViewController.swift */; };
		FAF7914124525D4E00254D83 /* Main.storyboard in Resources */ = {isa = PBXBuildFile; fileRef = FAF7913F24525D4E00254D83 /* Main.storyboard */; };
		FAF7914324525D5100254D83 /* Assets.xcassets in Resources */ = {isa = PBXBuildFile; fileRef = FAF7914224525D5100254D83 /* Assets.xcassets */; };
		FAF7914624525D5100254D83 /* LaunchScreen.storyboard in Resources */ = {isa = PBXBuildFile; fileRef = FAF7914424525D5100254D83 /* LaunchScreen.storyboard */; };
		FAF7914E24525D9500254D83 /* birdSound.mp3 in Resources */ = {isa = PBXBuildFile; fileRef = FAF7914D24525D9500254D83 /* birdSound.mp3 */; };
		FAF7915024525DA000254D83 /* forest.json in Resources */ = {isa = PBXBuildFile; fileRef = FAF7914F24525DA000254D83 /* forest.json */; };
/* End PBXBuildFile section */

/* Begin PBXFileReference section */
		FAF7913624525D4E00254D83 /* BirdApp.app */ = {isa = PBXFileReference; explicitFileType = wrapper.application; includeInIndex = 0; path = BirdApp.app; sourceTree = BUILT_PRODUCTS_DIR; };
		FAF7913924525D4E00254D83 /* AppDelegate.swift */ = {isa = PBXFileReference; lastKnownFileType = sourcecode.swift; path = AppDelegate.swift; sourceTree = "<group>"; };
		FAF7913B24525D4E00254D83 /* SceneDelegate.swift */ = {isa = PBXFileReference; lastKnownFileType = sourcecode.swift; path = SceneDelegate.swift; sourceTree = "<group>"; };
		FAF7913D24525D4E00254D83 /* ViewController.swift */ = {isa = PBXFileReference; lastKnownFileType = sourcecode.swift; path = ViewController.swift; sourceTree = "<group>"; };
		FAF7914024525D4E00254D83 /* Base */ = {isa = PBXFileReference; lastKnownFileType = file.storyboard; name = Base; path = Base.lproj/Main.storyboard; sourceTree = "<group>"; };
		FAF7914224525D5100254D83 /* Assets.xcassets */ = {isa = PBXFileReference; lastKnownFileType = folder.assetcatalog; path = Assets.xcassets; sourceTree = "<group>"; };
		FAF7914524525D5100254D83 /* Base */ = {isa = PBXFileReference; lastKnownFileType = file.storyboard; name = Base; path = Base.lproj/LaunchScreen.storyboard; sourceTree = "<group>"; };
		FAF7914724525D5100254D83 /* Info.plist */ = {isa = PBXFileReference; lastKnownFileType = text.plist.xml; path = Info.plist; sourceTree = "<group>"; };
		FAF7914D24525D9500254D83 /* birdSound.mp3 */ = {isa = PBXFileReference; lastKnownFileType = audio.mp3; path = birdSound.mp3; sourceTree = "<group>"; };
		FAF7914F24525DA000254D83 /* forest.json */ = {isa = PBXFileReference; fileEncoding = 4; lastKnownFileType = text.json; path = forest.json; sourceTree = "<group>"; };
/* End PBXFileReference section */

/* Begin PBXFrameworksBuildPhase section */
		FAF7913324525D4E00254D83 /* Frameworks */ = {
			isa = PBXFrameworksBuildPhase;
			buildActionMask = 2147483647;
			files = (
			);
			runOnlyForDeploymentPostprocessing = 0;
		};
/* End PBXFrameworksBuildPhase section */

/* Begin PBXGroup section */
		FAF7912D24525D4E00254D83 = {
			isa = PBXGroup;
			children = (
				FAF7913824525D4E00254D83 /* BirdApp */,
				FAF7913724525D4E00254D83 /* Products */,
			);
			sourceTree = "<group>";
		};
		FAF7913724525D4E00254D83 /* Products */ = {
			isa = PBXGroup;
			children = (
				FAF7913624525D4E00254D83 /* BirdApp.app */,
			);
			name = Products;
			sourceTree = "<group>";
		};
		FAF7913824525D4E00254D83 /* BirdApp */ = {
			isa = PBXGroup;
			children = (
				FAF7914D24525D9500254D83 /* birdSound.mp3 */,
				FAF7914F24525DA000254D83 /* forest.json */,
				FAF7913924525D4E00254D83 /* AppDelegate.swift */,
				FAF7913B24525D4E00254D83 /* SceneDelegate.swift */,
				FAF7913D24525D4E00254D83 /* ViewController.swift */,
				FAF7913F24525D4E00254D83 /* Main.storyboard */,
				FAF7914224525D5100254D83 /* Assets.xcassets */,
				FAF7914424525D5100254D83 /* LaunchScreen.storyboard */,
				FAF7914724525D5100254D83 /* Info.plist */,
			);
			path = BirdApp;
			sourceTree = "<group>";
		};
/* End PBXGroup section */

/* Begin PBXNativeTarget section */
		FAF7913524525D4E00254D83 /* BirdApp */ = {
			isa = PBXNativeTarget;
			buildConfigurationList = FAF7914A24525D5100254D83 /* Build configuration list for PBXNativeTarget "BirdApp" */;
			buildPhases = (
				FAF7913224525D4E00254D83 /* Sources */,
				FAF7913324525D4E00254D83 /* Frameworks */,
				FAF7913424525D4E00254D83 /* Resources */,
			);
			buildRules = (
			);
			dependencies = (
			);
			name = BirdApp;
			productName = BirdApp;
			productReference = FAF7913624525D4E00254D83 /* BirdApp.app */;
			productType = "com.apple.product-type.application";
		};
/* End PBXNativeTarget section */

/* Begin PBXProject section */
		FAF7912E24525D4E00254D83 /* Project object */ = {
			isa = PBXProject;
			attributes = {
				LastSwiftUpdateCheck = 1140;
				LastUpgradeCheck = 1140;
				ORGANIZATIONNAME = "Alexander Sosnov";
				TargetAttributes = {
					FAF7913524525D4E00254D83 = {
						CreatedOnToolsVersion = 11.4.1;
					};
				};
			};
			buildConfigurationList = FAF7913124525D4E00254D83 /* Build configuration list for PBXProject "BirdApp" */;
			compatibilityVersion = "Xcode 9.3";
			developmentRegion = en;
			hasScannedForEncodings = 0;
			knownRegions = (
				en,
				Base,
			);
			mainGroup = FAF7912D24525D4E00254D83;
			productRefGroup = FAF7913724525D4E00254D83 /* Products */;
			projectDirPath = "";
			projectRoot = "";
			targets = (
				FAF7913524525D4E00254D83 /* BirdApp */,
			);
		};
/* End PBXProject section */

/* Begin PBXResourcesBuildPhase section */
		FAF7913424525D4E00254D83 /* Resources */ = {
			isa = PBXResourcesBuildPhase;
			buildActionMask = 2147483647;
			files = (
				FAF7914624525D5100254D83 /* LaunchScreen.storyboard in Resources */,
				FAF7914E24525D9500254D83 /* birdSound.mp3 in Resources */,
				FAF7915024525DA000254D83 /* forest.json in Resources */,
				FAF7914324525D5100254D83 /* Assets.xcassets in Resources */,
				FAF7914124525D4E00254D83 /* Main.storyboard in Resources */,
			);
			runOnlyForDeploymentPostprocessing = 0;
		};
/* End PBXResourcesBuildPhase section */

/* Begin PBXSourcesBuildPhase section */
		FAF7913224525D4E00254D83 /* Sources */ = {
			isa = PBXSourcesBuildPhase;
			buildActionMask = 2147483647;
			files = (
				FAF7913E24525D4E00254D83 /* ViewController.swift in Sources */,
				FAF7913A24525D4E00254D83 /* AppDelegate.swift in Sources */,
				FAF7913C24525D4E00254D83 /* SceneDelegate.swift in Sources */,
			);
			runOnlyForDeploymentPostprocessing = 0;
		};
/* End PBXSourcesBuildPhase section */

/* Begin PBXVariantGroup section */
		FAF7913F24525D4E00254D83 /* Main.storyboard */ = {
			isa = PBXVariantGroup;
			children = (
				FAF7914024525D4E00254D83 /* Base */,
			);
			name = Main.storyboard;
			sourceTree = "<group>";
		};
		FAF7914424525D5100254D83 /* LaunchScreen.storyboard */ = {
			isa = PBXVariantGroup;
			children = (
				FAF7914524525D5100254D83 /* Base */,
			);
			name = LaunchScreen.storyboard;
			sourceTree = "<group>";
		};
/* End PBXVariantGroup section */

/* Begin XCBuildConfiguration section */
		FAF7914824525D5100254D83 /* Debug */ = {
			isa = XCBuildConfiguration;
			buildSettings = {
				ALWAYS_SEARCH_USER_PATHS = NO;
				CLANG_ANALYZER_NONNULL = YES;
				CLANG_ANALYZER_NUMBER_OBJECT_CONVERSION = YES_AGGRESSIVE;
				CLANG_CXX_LANGUAGE_STANDARD = "gnu++14";
				CLANG_CXX_LIBRARY = "libc++";
				CLANG_ENABLE_MODULES = YES;
				CLANG_ENABLE_OBJC_ARC = YES;
				CLANG_ENABLE_OBJC_WEAK = YES;
				CLANG_WARN_BLOCK_CAPTURE_AUTORELEASING = YES;
				CLANG_WARN_BOOL_CONVERSION = YES;
				CLANG_WARN_COMMA = YES;
				CLANG_WARN_CONSTANT_CONVERSION = YES;
				CLANG_WARN_DEPRECATED_OBJC_IMPLEMENTATIONS = YES;
				CLANG_WARN_DIRECT_OBJC_ISA_USAGE = YES_ERROR;
				CLANG_WARN_DOCUMENTATION_COMMENTS = YES;
				CLANG_WARN_EMPTY_BODY = YES;
				CLANG_WARN_ENUM_CONVERSION = YES;
				CLANG_WARN_INFINITE_RECURSION = YES;
				CLANG_WARN_INT_CONVERSION = YES;
				CLANG_WARN_NON_LITERAL_NULL_CONVERSION = YES;
				CLANG_WARN_OBJC_IMPLICIT_RETAIN_SELF = YES;
				CLANG_WARN_OBJC_LITERAL_CONVERSION = YES;
				CLANG_WARN_OBJC_ROOT_CLASS = YES_ERROR;
				CLANG_WARN_RANGE_LOOP_ANALYSIS = YES;
				CLANG_WARN_STRICT_PROTOTYPES = YES;
				CLANG_WARN_SUSPICIOUS_MOVE = YES;
				CLANG_WARN_UNGUARDED_AVAILABILITY = YES_AGGRESSIVE;
				CLANG_WARN_UNREACHABLE_CODE = YES;
				CLANG_WARN__DUPLICATE_METHOD_MATCH = YES;
				COPY_PHASE_STRIP = NO;
				DEBUG_INFORMATION_FORMAT = dwarf;
				ENABLE_STRICT_OBJC_MSGSEND = YES;
				ENABLE_TESTABILITY = YES;
				GCC_C_LANGUAGE_STANDARD = gnu11;
				GCC_DYNAMIC_NO_PIC = NO;
				GCC_NO_COMMON_BLOCKS = YES;
				GCC_OPTIMIZATION_LEVEL = 0;
				GCC_PREPROCESSOR_DEFINITIONS = (
					"DEBUG=1",
					"$(inherited)",
				);
				GCC_WARN_64_TO_32_BIT_CONVERSION = YES;
				GCC_WARN_ABOUT_RETURN_TYPE = YES_ERROR;
				GCC_WARN_UNDECLARED_SELECTOR = YES;
				GCC_WARN_UNINITIALIZED_AUTOS = YES_AGGRESSIVE;
				GCC_WARN_UNUSED_FUNCTION = YES;
				GCC_WARN_UNUSED_VARIABLE = YES;
				IPHONEOS_DEPLOYMENT_TARGET = 13.4;
				MTL_ENABLE_DEBUG_INFO = INCLUDE_SOURCE;
				MTL_FAST_MATH = YES;
				ONLY_ACTIVE_ARCH = YES;
				SDKROOT = iphoneos;
				SWIFT_ACTIVE_COMPILATION_CONDITIONS = DEBUG;
				SWIFT_OPTIMIZATION_LEVEL = "-Onone";
			};
			name = Debug;
		};
		FAF7914924525D5100254D83 /* Release */ = {
			isa = XCBuildConfiguration;
			buildSettings = {
				ALWAYS_SEARCH_USER_PATHS = NO;
				CLANG_ANALYZER_NONNULL = YES;
				CLANG_ANALYZER_NUMBER_OBJECT_CONVERSION = YES_AGGRESSIVE;
				CLANG_CXX_LANGUAGE_STANDARD = "gnu++14";
				CLANG_CXX_LIBRARY = "libc++";
				CLANG_ENABLE_MODULES = YES;
				CLANG_ENABLE_OBJC_ARC = YES;
				CLANG_ENABLE_OBJC_WEAK = YES;
				CLANG_WARN_BLOCK_CAPTURE_AUTORELEASING = YES;
				CLANG_WARN_BOOL_CONVERSION = YES;
				CLANG_WARN_COMMA = YES;
				CLANG_WARN_CONSTANT_CONVERSION = YES;
				CLANG_WARN_DEPRECATED_OBJC_IMPLEMENTATIONS = YES;
				CLANG_WARN_DIRECT_OBJC_ISA_USAGE = YES_ERROR;
				CLANG_WARN_DOCUMENTATION_COMMENTS = YES;
				CLANG_WARN_EMPTY_BODY = YES;
				CLANG_WARN_ENUM_CONVERSION = YES;
				CLANG_WARN_INFINITE_RECURSION = YES;
				CLANG_WARN_INT_CONVERSION = YES;
				CLANG_WARN_NON_LITERAL_NULL_CONVERSION = YES;
				CLANG_WARN_OBJC_IMPLICIT_RETAIN_SELF = YES;
				CLANG_WARN_OBJC_LITERAL_CONVERSION = YES;
				CLANG_WARN_OBJC_ROOT_CLASS = YES_ERROR;
				CLANG_WARN_RANGE_LOOP_ANALYSIS = YES;
				CLANG_WARN_STRICT_PROTOTYPES = YES;
				CLANG_WARN_SUSPICIOUS_MOVE = YES;
				CLANG_WARN_UNGUARDED_AVAILABILITY = YES_AGGRESSIVE;
				CLANG_WARN_UNREACHABLE_CODE = YES;
				CLANG_WARN__DUPLICATE_METHOD_MATCH = YES;
				COPY_PHASE_STRIP = NO;
				DEBUG_INFORMATION_FORMAT = "dwarf-with-dsym";
				ENABLE_NS_ASSERTIONS = NO;
				ENABLE_STRICT_OBJC_MSGSEND = YES;
				GCC_C_LANGUAGE_STANDARD = gnu11;
				GCC_NO_COMMON_BLOCKS = YES;
				GCC_WARN_64_TO_32_BIT_CONVERSION = YES;
				GCC_WARN_ABOUT_RETURN_TYPE = YES_ERROR;
				GCC_WARN_UNDECLARED_SELECTOR = YES;
				GCC_WARN_UNINITIALIZED_AUTOS = YES_AGGRESSIVE;
				GCC_WARN_UNUSED_FUNCTION = YES;
				GCC_WARN_UNUSED_VARIABLE = YES;
				IPHONEOS_DEPLOYMENT_TARGET = 13.4;
				MTL_ENABLE_DEBUG_INFO = NO;
				MTL_FAST_MATH = YES;
				SDKROOT = iphoneos;
				SWIFT_COMPILATION_MODE = wholemodule;
				SWIFT_OPTIMIZATION_LEVEL = "-O";
				VALIDATE_PRODUCT = YES;
			};
			name = Release;
		};
		FAF7914B24525D5100254D83 /* Debug */ = {
			isa = XCBuildConfiguration;
			buildSettings = {
				ASSETCATALOG_COMPILER_APPICON_NAME = AppIcon;
				CODE_SIGN_STYLE = Automatic;
				DEVELOPMENT_TEAM = 97T6QBSQGT;
				INFOPLIST_FILE = BirdApp/Info.plist;
				LD_RUNPATH_SEARCH_PATHS = (
					"$(inherited)",
					"@executable_path/Frameworks",
				);
				PRODUCT_BUNDLE_IDENTIFIER = "-01.BirdApp";
				PRODUCT_NAME = "$(TARGET_NAME)";
				SWIFT_VERSION = 5.0;
				TARGETED_DEVICE_FAMILY = "1,2";
			};
			name = Debug;
		};
		FAF7914C24525D5100254D83 /* Release */ = {
			isa = XCBuildConfiguration;
			buildSettings = {
				ASSETCATALOG_COMPILER_APPICON_NAME = AppIcon;
				CODE_SIGN_STYLE = Automatic;
				DEVELOPMENT_TEAM = 97T6QBSQGT;
				INFOPLIST_FILE = BirdApp/Info.plist;
				LD_RUNPATH_SEARCH_PATHS = (
					"$(inherited)",
					"@executable_path/Frameworks",
				);
				PRODUCT_BUNDLE_IDENTIFIER = "-01.BirdApp";
				PRODUCT_NAME = "$(TARGET_NAME)";
				SWIFT_VERSION = 5.0;
				TARGETED_DEVICE_FAMILY = "1,2";
			};
			name = Release;
		};
/* End XCBuildConfiguration section */

/* Begin XCConfigurationList section */
		FAF7913124525D4E00254D83 /* Build configuration list for PBXProject "BirdApp" */ = {
			isa = XCConfigurationList;
			buildConfigurations = (
				FAF7914824525D5100254D83 /* Debug */,
				FAF7914924525D5100254D83 /* Release */,
			);
			defaultConfigurationIsVisible = 0;
			defaultConfigurationName = Release;
		};
		FAF7914A24525D5100254D83 /* Build configuration list for PBXNativeTarget "BirdApp" */ = {
			isa = XCConfigurationList;
			buildConfigurations = (
				FAF7914B24525D5100254D83 /* Debug */,
				FAF7914C24525D5100254D83 /* Release */,
			);
			defaultConfigurationIsVisible = 0;
			defaultConfigurationName = Release;
		};
/* End XCConfigurationList section */
	};
	rootObject = FAF7912E24525D4E00254D83 /* Project object */;
}
